
Microsoft Visual Studio Solution File, Format Version 12.00
# Visual Studio Version 17
VisualStudioVersion = 17.2.32505.173
MinimumVisualStudioVersion = 10.0.40219.1
Project("{8BC9CEB8-8B4A-11D0-8D11-00A0C91BC942}") = "3.6 oop", "3.6 oop\3.6 oop.vcxproj", "{CEB47E2D-B86B-4760-BCAC-88B0A4ED62A4}"
EndProject
Project("{8BC9CEB8-8B4A-11D0-8D11-00A0C91BC942}") = "UnitTest1", "UnitTest1\UnitTest1.vcxproj", "{F1710E75-F594-4D52-AB66-8AC3A74A66E8}"
EndProject
Global
	GlobalSection(SolutionConfigurationPlatforms) = preSolution
		Debug|x64 = Debug|x64
		Debug|x86 = Debug|x86
		Release|x64 = Release|x64
		Release|x86 = Release|x86
	EndGlobalSection
	GlobalSection(ProjectConfigurationPlatforms) = postSolution
		{CEB47E2D-B86B-4760-BCAC-88B0A4ED62A4}.Debug|x64.ActiveCfg = Debug|x64
		{CEB47E2D-B86B-4760-BCAC-88B0A4ED62A4}.Debug|x64.Build.0 = Debug|x64
		{CEB47E2D-B86B-4760-BCAC-88B0A4ED62A4}.Debug|x86.ActiveCfg = Debug|Win32
		{CEB47E2D-B86B-4760-BCAC-88B0A4ED62A4}.Debug|x86.Build.0 = Debug|Win32
		{CEB47E2D-B86B-4760-BCAC-88B0A4ED62A4}.Release|x64.ActiveCfg = Release|x64
		{CEB47E2D-B86B-4760-BCAC-88B0A4ED62A4}.Release|x64.Build.0 = Release|x64
		{CEB47E2D-B86B-4760-BCAC-88B0A4ED62A4}.Release|x86.ActiveCfg = Release|Win32
		{CEB47E2D-B86B-4760-BCAC-88B0A4ED62A4}.Release|x86.Build.0 = Release|Win32
		{F1710E75-F594-4D52-AB66-8AC3A74A66E8}.Debug|x64.ActiveCfg = Debug|x64
		{F1710E75-F594-4D52-AB66-8AC3A74A66E8}.Debug|x64.Build.0 = Debug|x64
		{F1710E75-F594-4D52-AB66-8AC3A74A66E8}.Debug|x86.ActiveCfg = Debug|Win32
		{F1710E75-F594-4D52-AB66-8AC3A74A66E8}.Debug|x86.Build.0 = Debug|Win32
		{F1710E75-F594-4D52-AB66-8AC3A74A66E8}.Release|x64.ActiveCfg = Release|x64
		{F1710E75-F594-4D52-AB66-8AC3A74A66E8}.Release|x64.Build.0 = Release|x64
		{F1710E75-F594-4D52-AB66-8AC3A74A66E8}.Release|x86.ActiveCfg = Release|Win32
		{F1710E75-F594-4D52-AB66-8AC3A74A66E8}.Release|x86.Build.0 = Release|Win32
	EndGlobalSection
	GlobalSection(SolutionProperties) = preSolution
		HideSolutionNode = FALSE
	EndGlobalSection
	GlobalSection(ExtensibilityGlobals) = postSolution
		SolutionGuid = {7A681DB7-1430-4C7B-935D-D299C1DD56C4}
	EndGlobalSection
EndGlobal
